
Microsoft Visual Studio Solution File, Format Version 12.00
# Visual Studio Version 17
VisualStudioVersion = 17.12.35527.113
MinimumVisualStudioVersion = 10.0.40219.1
Project("{FAE04EC0-301F-11D3-BF4B-00C04F79EFBC}") = "NashDecorIS", "NashDecorIS\NashDecorIS.csproj", "{51AFA2C3-ED11-46D3-ADA5-64D0D1593C42}"
EndProject
Project("{FAE04EC0-301F-11D3-BF4B-00C04F79EFBC}") = "NashDecor.Data", "..\NashDecor.Data\NashDecor.Data\NashDecor.Data.csproj", "{884F3D38-952A-4F6E-A9A0-A609FCBB2DA8}"
EndProject
Project("{2150E333-8FDC-42A3-9474-1A3956D46DE8}") = "Элементы решения", "Элементы решения", "{58B8007B-E57F-481D-B93A-99BFCE683FD4}"
	ProjectSection(SolutionItems) = preProject
		.gitignore = .gitignore
	EndProjectSection
EndProject
Global
	GlobalSection(SolutionConfigurationPlatforms) = preSolution
		Debug|Any CPU = Debug|Any CPU
		Release|Any CPU = Release|Any CPU
	EndGlobalSection
	GlobalSection(ProjectConfigurationPlatforms) = postSolution
		{51AFA2C3-ED11-46D3-ADA5-64D0D1593C42}.Debug|Any CPU.ActiveCfg = Debug|Any CPU
		{51AFA2C3-ED11-46D3-ADA5-64D0D1593C42}.Debug|Any CPU.Build.0 = Debug|Any CPU
		{51AFA2C3-ED11-46D3-ADA5-64D0D1593C42}.Debug|Any CPU.Deploy.0 = Debug|Any CPU
		{51AFA2C3-ED11-46D3-ADA5-64D0D1593C42}.Release|Any CPU.ActiveCfg = Release|Any CPU
		{51AFA2C3-ED11-46D3-ADA5-64D0D1593C42}.Release|Any CPU.Build.0 = Release|Any CPU
		{51AFA2C3-ED11-46D3-ADA5-64D0D1593C42}.Release|Any CPU.Deploy.0 = Release|Any CPU
		{884F3D38-952A-4F6E-A9A0-A609FCBB2DA8}.Debug|Any CPU.ActiveCfg = Debug|Any CPU
		{884F3D38-952A-4F6E-A9A0-A609FCBB2DA8}.Debug|Any CPU.Build.0 = Debug|Any CPU
		{884F3D38-952A-4F6E-A9A0-A609FCBB2DA8}.Release|Any CPU.ActiveCfg = Release|Any CPU
		{884F3D38-952A-4F6E-A9A0-A609FCBB2DA8}.Release|Any CPU.Build.0 = Release|Any CPU
	EndGlobalSection
	GlobalSection(SolutionProperties) = preSolution
		HideSolutionNode = FALSE
	EndGlobalSection
EndGlobal
